
Microsoft Visual Studio Solution File, Format Version 12.00
# Visual Studio 2013
VisualStudioVersion = 12.0.40629.0
MinimumVisualStudioVersion = 10.0.40219.1
Project("{FAE04EC0-301F-11D3-BF4B-00C04F79EFBC}") = "Studio 2 Management System", "Aaron Cunningham A2 Coursework\Studio 2 Management System.csproj", "{E5DC2C5C-FF98-468E-8CFF-E70ADC141980}"
EndProject
Global
	GlobalSection(SolutionConfigurationPlatforms) = preSolution
		Debug|Any CPU = Debug|Any CPU
		Release|Any CPU = Release|Any CPU
	EndGlobalSection
	GlobalSection(ProjectConfigurationPlatforms) = postSolution
		{E5DC2C5C-FF98-468E-8CFF-E70ADC141980}.Debug|Any CPU.ActiveCfg = Debug|Any CPU
		{E5DC2C5C-FF98-468E-8CFF-E70ADC141980}.Debug|Any CPU.Build.0 = Debug|Any CPU
		{E5DC2C5C-FF98-468E-8CFF-E70ADC141980}.Release|Any CPU.ActiveCfg = Release|Any CPU
		{E5DC2C5C-FF98-468E-8CFF-E70ADC141980}.Release|Any CPU.Build.0 = Release|Any CPU
	EndGlobalSection
	GlobalSection(SolutionProperties) = preSolution
		HideSolutionNode = FALSE
	EndGlobalSection
EndGlobal
